
Microsoft Visual Studio Solution File, Format Version 12.00
# Visual Studio Version 16
VisualStudioVersion = 16.0.30804.86
MinimumVisualStudioVersion = 10.0.40219.1
Project("{FAE04EC0-301F-11D3-BF4B-00C04F79EFBC}") = "ConWithGitAndGithub", "ConWithGitAndGithub\ConWithGitAndGithub.csproj", "{BCE42C3F-26B5-4A24-84BE-24E6A1338E97}"
EndProject
Global
	GlobalSection(SolutionConfigurationPlatforms) = preSolution
		Debug|Any CPU = Debug|Any CPU
		Release|Any CPU = Release|Any CPU
	EndGlobalSection
	GlobalSection(ProjectConfigurationPlatforms) = postSolution
		{BCE42C3F-26B5-4A24-84BE-24E6A1338E97}.Debug|Any CPU.ActiveCfg = Debug|Any CPU
		{BCE42C3F-26B5-4A24-84BE-24E6A1338E97}.Debug|Any CPU.Build.0 = Debug|Any CPU
		{BCE42C3F-26B5-4A24-84BE-24E6A1338E97}.Release|Any CPU.ActiveCfg = Release|Any CPU
		{BCE42C3F-26B5-4A24-84BE-24E6A1338E97}.Release|Any CPU.Build.0 = Release|Any CPU
	EndGlobalSection
	GlobalSection(SolutionProperties) = preSolution
		HideSolutionNode = FALSE
	EndGlobalSection
	GlobalSection(ExtensibilityGlobals) = postSolution
		SolutionGuid = {51A90056-5C9E-4755-A18C-32B1A0A1A6FF}
	EndGlobalSection
EndGlobal
